// !$*UTF8*$!
{
	archiveVersion = 1;
	classes = {
	};
	objectVersion = 77;
	objects = {

/* Begin PBXBuildFile section */
		4792B8D72E1418EA00415D8A /* CoreWLAN.framework in Frameworks */ = {isa = PBXBuildFile; fileRef = 4792B8D62E1418EA00415D8A /* CoreWLAN.framework */; };
		4792B8D92E1418F900415D8A /* Foundation.framework in Frameworks */ = {isa = PBXBuildFile; fileRef = 4792B8D82E1418F900415D8A /* Foundation.framework */; };
		4792B8DB2E14190100415D8A /* Cocoa.framework in Frameworks */ = {isa = PBXBuildFile; fileRef = 4792B8DA2E14190100415D8A /* Cocoa.framework */; };
		4792B8DD2E14190A00415D8A /* WebKit.framework in Frameworks */ = {isa = PBXBuildFile; fileRef = 4792B8DC2E14190A00415D8A /* WebKit.framework */; };
/* End PBXBuildFile section */

/* Begin PBXContainerItemProxy section */
		474B3C212E12CD07009B447F /* PBXContainerItemProxy */ = {
			isa = PBXContainerItemProxy;
			containerPortal = 474B3C072E12CD04009B447F /* Project object */;
			proxyType = 1;
			remoteGlobalIDString = 474B3C0E2E12CD04009B447F;
			remoteInfo = IndoorNavClient;
		};
		474B3C2B2E12CD07009B447F /* PBXContainerItemProxy */ = {
			isa = PBXContainerItemProxy;
			containerPortal = 474B3C072E12CD04009B447F /* Project object */;
			proxyType = 1;
			remoteGlobalIDString = 474B3C0E2E12CD04009B447F;
			remoteInfo = IndoorNavClient;
		};
/* End PBXContainerItemProxy section */

/* Begin PBXFileReference section */
		474B3C0F2E12CD04009B447F /* IndoorNavClient.app */ = {isa = PBXFileReference; explicitFileType = wrapper.application; includeInIndex = 0; path = IndoorNavClient.app; sourceTree = BUILT_PRODUCTS_DIR; };
		474B3C202E12CD07009B447F /* IndoorNavClientTests.xctest */ = {isa = PBXFileReference; explicitFileType = wrapper.cfbundle; includeInIndex = 0; path = IndoorNavClientTests.xctest; sourceTree = BUILT_PRODUCTS_DIR; };
		474B3C2A2E12CD07009B447F /* IndoorNavClientUITests.xctest */ = {isa = PBXFileReference; explicitFileType = wrapper.cfbundle; includeInIndex = 0; path = IndoorNavClientUITests.xctest; sourceTree = BUILT_PRODUCTS_DIR; };
		4792B8D62E1418EA00415D8A /* CoreWLAN.framework */ = {isa = PBXFileReference; lastKnownFileType = wrapper.framework; name = CoreWLAN.framework; path = System/Library/Frameworks/CoreWLAN.framework; sourceTree = SDKROOT; };
		4792B8D82E1418F900415D8A /* Foundation.framework */ = {isa = PBXFileReference; lastKnownFileType = wrapper.framework; name = Foundation.framework; path = System/Library/Frameworks/Foundation.framework; sourceTree = SDKROOT; };
		4792B8DA2E14190100415D8A /* Cocoa.framework */ = {isa = PBXFileReference; lastKnownFileType = wrapper.framework; name = Cocoa.framework; path = System/Library/Frameworks/Cocoa.framework; sourceTree = SDKROOT; };
		4792B8DC2E14190A00415D8A /* WebKit.framework */ = {isa = PBXFileReference; lastKnownFileType = wrapper.framework; name = WebKit.framework; path = System/Library/Frameworks/WebKit.framework; sourceTree = SDKROOT; };
/* End PBXFileReference section */

/* Begin PBXFileSystemSynchronizedRootGroup section */
		474188262E1D72F800D919D9 /* Tools */ = {
			isa = PBXFileSystemSynchronizedRootGroup;
			path = Tools;
			sourceTree = "<group>";
		};
		474B3C112E12CD04009B447F /* IndoorNavClient */ = {
			isa = PBXFileSystemSynchronizedRootGroup;
			path = IndoorNavClient;
			sourceTree = "<group>";
		};
		474B3C232E12CD07009B447F /* IndoorNavClientTests */ = {
			isa = PBXFileSystemSynchronizedRootGroup;
			path = IndoorNavClientTests;
			sourceTree = "<group>";
		};
		474B3C2D2E12CD07009B447F /* IndoorNavClientUITests */ = {
			isa = PBXFileSystemSynchronizedRootGroup;
			path = IndoorNavClientUITests;
			sourceTree = "<group>";
		};
/* End PBXFileSystemSynchronizedRootGroup section */

/* Begin PBXFrameworksBuildPhase section */
		474B3C0C2E12CD04009B447F /* Frameworks */ = {
			isa = PBXFrameworksBuildPhase;
			buildActionMask = 2147483647;
			files = (
				4792B8D72E1418EA00415D8A /* CoreWLAN.framework in Frameworks */,
				4792B8D92E1418F900415D8A /* Foundation.framework in Frameworks */,
				4792B8DD2E14190A00415D8A /* WebKit.framework in Frameworks */,
				4792B8DB2E14190100415D8A /* Cocoa.framework in Frameworks */,
			);
			runOnlyForDeploymentPostprocessing = 0;
		};
		474B3C1D2E12CD07009B447F /* Frameworks */ = {
			isa = PBXFrameworksBuildPhase;
			buildActionMask = 2147483647;
			files = (
			);
			runOnlyForDeploymentPostprocessing = 0;
		};
		474B3C272E12CD07009B447F /* Frameworks */ = {
			isa = PBXFrameworksBuildPhase;
			buildActionMask = 2147483647;
			files = (
			);
			runOnlyForDeploymentPostprocessing = 0;
		};
/* End PBXFrameworksBuildPhase section */

/* Begin PBXGroup section */
		474B3C062E12CD04009B447F = {
			isa = PBXGroup;
			children = (
				474188262E1D72F800D919D9 /* Tools */,
				474B3C112E12CD04009B447F /* IndoorNavClient */,
				474B3C232E12CD07009B447F /* IndoorNavClientTests */,
				474B3C2D2E12CD07009B447F /* IndoorNavClientUITests */,
				4792B8D52E1418D400415D8A /* Frameworks */,
				474B3C102E12CD04009B447F /* Products */,
			);
			sourceTree = "<group>";
		};
		474B3C102E12CD04009B447F /* Products */ = {
			isa = PBXGroup;
			children = (
				474B3C0F2E12CD04009B447F /* IndoorNavClient.app */,
				474B3C202E12CD07009B447F /* IndoorNavClientTests.xctest */,
				474B3C2A2E12CD07009B447F /* IndoorNavClientUITests.xctest */,
			);
			name = Products;
			sourceTree = "<group>";
		};
		4792B8D52E1418D400415D8A /* Frameworks */ = {
			isa = PBXGroup;
			children = (
				4792B8DC2E14190A00415D8A /* WebKit.framework */,
				4792B8DA2E14190100415D8A /* Cocoa.framework */,
				4792B8D82E1418F900415D8A /* Foundation.framework */,
				4792B8D62E1418EA00415D8A /* CoreWLAN.framework */,
			);
			name = Frameworks;
			sourceTree = "<group>";
		};
/* End PBXGroup section */

/* Begin PBXNativeTarget section */
		474B3C0E2E12CD04009B447F /* IndoorNavClient */ = {
			isa = PBXNativeTarget;
			buildConfigurationList = 474B3C342E12CD07009B447F /* Build configuration list for PBXNativeTarget "IndoorNavClient" */;
			buildPhases = (
				474B3C0B2E12CD04009B447F /* Sources */,
				474B3C0C2E12CD04009B447F /* Frameworks */,
				474B3C0D2E12CD04009B447F /* Resources */,
			);
			buildRules = (
			);
			dependencies = (
			);
			fileSystemSynchronizedGroups = (
				474B3C112E12CD04009B447F /* IndoorNavClient */,
			);
			name = IndoorNavClient;
			packageProductDependencies = (
			);
			productName = IndoorNavClient;
			productReference = 474B3C0F2E12CD04009B447F /* IndoorNavClient.app */;
			productType = "com.apple.product-type.application";
		};
		474B3C1F2E12CD07009B447F /* IndoorNavClientTests */ = {
			isa = PBXNativeTarget;
			buildConfigurationList = 474B3C372E12CD07009B447F /* Build configuration list for PBXNativeTarget "IndoorNavClientTests" */;
			buildPhases = (
				474B3C1C2E12CD07009B447F /* Sources */,
				474B3C1D2E12CD07009B447F /* Frameworks */,
				474B3C1E2E12CD07009B447F /* Resources */,
			);
			buildRules = (
			);
			dependencies = (
				474B3C222E12CD07009B447F /* PBXTargetDependency */,
			);
			fileSystemSynchronizedGroups = (
				474B3C232E12CD07009B447F /* IndoorNavClientTests */,
			);
			name = IndoorNavClientTests;
			packageProductDependencies = (
			);
			productName = IndoorNavClientTests;
			productReference = 474B3C202E12CD07009B447F /* IndoorNavClientTests.xctest */;
			productType = "com.apple.product-type.bundle.unit-test";
		};
		474B3C292E12CD07009B447F /* IndoorNavClientUITests */ = {
			isa = PBXNativeTarget;
			buildConfigurationList = 474B3C3A2E12CD07009B447F /* Build configuration list for PBXNativeTarget "IndoorNavClientUITests" */;
			buildPhases = (
				474B3C262E12CD07009B447F /* Sources */,
				474B3C272E12CD07009B447F /* Frameworks */,
				474B3C282E12CD07009B447F /* Resources */,
			);
			buildRules = (
			);
			dependencies = (
				474B3C2C2E12CD07009B447F /* PBXTargetDependency */,
			);
			fileSystemSynchronizedGroups = (
				474188262E1D72F800D919D9 /* Tools */,
				474B3C2D2E12CD07009B447F /* IndoorNavClientUITests */,
			);
			name = IndoorNavClientUITests;
			packageProductDependencies = (
			);
			productName = IndoorNavClientUITests;
			productReference = 474B3C2A2E12CD07009B447F /* IndoorNavClientUITests.xctest */;
			productType = "com.apple.product-type.bundle.ui-testing";
		};
/* End PBXNativeTarget section */

/* Begin PBXProject section */
		474B3C072E12CD04009B447F /* Project object */ = {
			isa = PBXProject;
			attributes = {
				BuildIndependentTargetsInParallel = 1;
				LastSwiftUpdateCheck = 1640;
				LastUpgradeCheck = 1640;
				TargetAttributes = {
					474B3C0E2E12CD04009B447F = {
						CreatedOnToolsVersion = 16.4;
					};
					474B3C1F2E12CD07009B447F = {
						CreatedOnToolsVersion = 16.4;
						TestTargetID = 474B3C0E2E12CD04009B447F;
					};
					474B3C292E12CD07009B447F = {
						CreatedOnToolsVersion = 16.4;
						TestTargetID = 474B3C0E2E12CD04009B447F;
					};
				};
			};
			buildConfigurationList = 474B3C0A2E12CD04009B447F /* Build configuration list for PBXProject "IndoorNavClient" */;
			developmentRegion = en;
			hasScannedForEncodings = 0;
			knownRegions = (
				en,
				Base,
			);
			mainGroup = 474B3C062E12CD04009B447F;
			minimizedProjectReferenceProxies = 1;
			preferredProjectObjectVersion = 77;
			productRefGroup = 474B3C102E12CD04009B447F /* Products */;
			projectDirPath = "";
			projectRoot = "";
			targets = (
				474B3C0E2E12CD04009B447F /* IndoorNavClient */,
				474B3C1F2E12CD07009B447F /* IndoorNavClientTests */,
				474B3C292E12CD07009B447F /* IndoorNavClientUITests */,
			);
		};
/* End PBXProject section */

/* Begin PBXResourcesBuildPhase section */
		474B3C0D2E12CD04009B447F /* Resources */ = {
			isa = PBXResourcesBuildPhase;
			buildActionMask = 2147483647;
			files = (
			);
			runOnlyForDeploymentPostprocessing = 0;
		};
		474B3C1E2E12CD07009B447F /* Resources */ = {
			isa = PBXResourcesBuildPhase;
			buildActionMask = 2147483647;
			files = (
			);
			runOnlyForDeploymentPostprocessing = 0;
		};
		474B3C282E12CD07009B447F /* Resources */ = {
			isa = PBXResourcesBuildPhase;
			buildActionMask = 2147483647;
			files = (
			);
			runOnlyForDeploymentPostprocessing = 0;
		};
/* End PBXResourcesBuildPhase section */

/* Begin PBXSourcesBuildPhase section */
		474B3C0B2E12CD04009B447F /* Sources */ = {
			isa = PBXSourcesBuildPhase;
			buildActionMask = 2147483647;
			files = (
			);
			runOnlyForDeploymentPostprocessing = 0;
		};
		474B3C1C2E12CD07009B447F /* Sources */ = {
			isa = PBXSourcesBuildPhase;
			buildActionMask = 2147483647;
			files = (
			);
			runOnlyForDeploymentPostprocessing = 0;
		};
		474B3C262E12CD07009B447F /* Sources */ = {
			isa = PBXSourcesBuildPhase;
			buildActionMask = 2147483647;
			files = (
			);
			runOnlyForDeploymentPostprocessing = 0;
		};
/* End PBXSourcesBuildPhase section */

/* Begin PBXTargetDependency section */
		474B3C222E12CD07009B447F /* PBXTargetDependency */ = {
			isa = PBXTargetDependency;
			target = 474B3C0E2E12CD04009B447F /* IndoorNavClient */;
			targetProxy = 474B3C212E12CD07009B447F /* PBXContainerItemProxy */;
		};
		474B3C2C2E12CD07009B447F /* PBXTargetDependency */ = {
			isa = PBXTargetDependency;
			target = 474B3C0E2E12CD04009B447F /* IndoorNavClient */;
			targetProxy = 474B3C2B2E12CD07009B447F /* PBXContainerItemProxy */;
		};
/* End PBXTargetDependency section */

/* Begin XCBuildConfiguration section */
		474B3C322E12CD07009B447F /* Debug */ = {
			isa = XCBuildConfiguration;
			buildSettings = {
				ALWAYS_SEARCH_USER_PATHS = NO;
				ASSETCATALOG_COMPILER_GENERATE_SWIFT_ASSET_SYMBOL_EXTENSIONS = YES;
				CLANG_ANALYZER_NONNULL = YES;
				CLANG_ANALYZER_NUMBER_OBJECT_CONVERSION = YES_AGGRESSIVE;
				CLANG_CXX_LANGUAGE_STANDARD = "gnu++20";
				CLANG_ENABLE_MODULES = YES;
				CLANG_ENABLE_OBJC_ARC = YES;
				CLANG_ENABLE_OBJC_WEAK = YES;
				CLANG_WARN_BLOCK_CAPTURE_AUTORELEASING = YES;
				CLANG_WARN_BOOL_CONVERSION = YES;
				CLANG_WARN_COMMA = YES;
				CLANG_WARN_CONSTANT_CONVERSION = YES;
				CLANG_WARN_DEPRECATED_OBJC_IMPLEMENTATIONS = YES;
				CLANG_WARN_DIRECT_OBJC_ISA_USAGE = YES_ERROR;
				CLANG_WARN_DOCUMENTATION_COMMENTS = YES;
				CLANG_WARN_EMPTY_BODY = YES;
				CLANG_WARN_ENUM_CONVERSION = YES;
				CLANG_WARN_INFINITE_RECURSION = YES;
				CLANG_WARN_INT_CONVERSION = YES;
				CLANG_WARN_NON_LITERAL_NULL_CONVERSION = YES;
				CLANG_WARN_OBJC_IMPLICIT_RETAIN_SELF = YES;
				CLANG_WARN_OBJC_LITERAL_CONVERSION = YES;
				CLANG_WARN_OBJC_ROOT_CLASS = YES_ERROR;
				CLANG_WARN_QUOTED_INCLUDE_IN_FRAMEWORK_HEADER = YES;
				CLANG_WARN_RANGE_LOOP_ANALYSIS = YES;
				CLANG_WARN_STRICT_PROTOTYPES = YES;
				CLANG_WARN_SUSPICIOUS_MOVE = YES;
				CLANG_WARN_UNGUARDED_AVAILABILITY = YES_AGGRESSIVE;
				CLANG_WARN_UNREACHABLE_CODE = YES;
				CLANG_WARN__DUPLICATE_METHOD_MATCH = YES;
				COPY_PHASE_STRIP = NO;
				DEBUG_INFORMATION_FORMAT = dwarf;
				ENABLE_STRICT_OBJC_MSGSEND = YES;
				ENABLE_TESTABILITY = YES;
				ENABLE_USER_SCRIPT_SANDBOXING = YES;
				GCC_C_LANGUAGE_STANDARD = gnu17;
				GCC_DYNAMIC_NO_PIC = NO;
				GCC_NO_COMMON_BLOCKS = YES;
				GCC_OPTIMIZATION_LEVEL = 0;
				GCC_PREPROCESSOR_DEFINITIONS = (
					"DEBUG=1",
					"$(inherited)",
				);
				GCC_WARN_64_TO_32_BIT_CONVERSION = YES;
				GCC_WARN_ABOUT_RETURN_TYPE = YES_ERROR;
				GCC_WARN_UNDECLARED_SELECTOR = YES;
				GCC_WARN_UNINITIALIZED_AUTOS = YES_AGGRESSIVE;
				GCC_WARN_UNUSED_FUNCTION = YES;
				GCC_WARN_UNUSED_VARIABLE = YES;
				LOCALIZATION_PREFERS_STRING_CATALOGS = YES;
				MACOSX_DEPLOYMENT_TARGET = 15.5;
				MTL_ENABLE_DEBUG_INFO = INCLUDE_SOURCE;
				MTL_FAST_MATH = YES;
				ONLY_ACTIVE_ARCH = YES;
				SDKROOT = macosx;
				SWIFT_ACTIVE_COMPILATION_CONDITIONS = "DEBUG $(inherited)";
				SWIFT_OPTIMIZATION_LEVEL = "-Onone";
			};
			name = Debug;
		};
		474B3C332E12CD07009B447F /* Release */ = {
			isa = XCBuildConfiguration;
			buildSettings = {
				ALWAYS_SEARCH_USER_PATHS = NO;
				ASSETCATALOG_COMPILER_GENERATE_SWIFT_ASSET_SYMBOL_EXTENSIONS = YES;
				CLANG_ANALYZER_NONNULL = YES;
				CLANG_ANALYZER_NUMBER_OBJECT_CONVERSION = YES_AGGRESSIVE;
				CLANG_CXX_LANGUAGE_STANDARD = "gnu++20";
				CLANG_ENABLE_MODULES = YES;
				CLANG_ENABLE_OBJC_ARC = YES;
				CLANG_ENABLE_OBJC_WEAK = YES;
				CLANG_WARN_BLOCK_CAPTURE_AUTORELEASING = YES;
				CLANG_WARN_BOOL_CONVERSION = YES;
				CLANG_WARN_COMMA = YES;
				CLANG_WARN_CONSTANT_CONVERSION = YES;
				CLANG_WARN_DEPRECATED_OBJC_IMPLEMENTATIONS = YES;
				CLANG_WARN_DIRECT_OBJC_ISA_USAGE = YES_ERROR;
				CLANG_WARN_DOCUMENTATION_COMMENTS = YES;
				CLANG_WARN_EMPTY_BODY = YES;
				CLANG_WARN_ENUM_CONVERSION = YES;
				CLANG_WARN_INFINITE_RECURSION = YES;
				CLANG_WARN_INT_CONVERSION = YES;
				CLANG_WARN_NON_LITERAL_NULL_CONVERSION = YES;
				CLANG_WARN_OBJC_IMPLICIT_RETAIN_SELF = YES;
				CLANG_WARN_OBJC_LITERAL_CONVERSION = YES;
				CLANG_WARN_OBJC_ROOT_CLASS = YES_ERROR;
				CLANG_WARN_QUOTED_INCLUDE_IN_FRAMEWORK_HEADER = YES;
				CLANG_WARN_RANGE_LOOP_ANALYSIS = YES;
				CLANG_WARN_STRICT_PROTOTYPES = YES;
				CLANG_WARN_SUSPICIOUS_MOVE = YES;
				CLANG_WARN_UNGUARDED_AVAILABILITY = YES_AGGRESSIVE;
				CLANG_WARN_UNREACHABLE_CODE = YES;
				CLANG_WARN__DUPLICATE_METHOD_MATCH = YES;
				COPY_PHASE_STRIP = NO;
				DEBUG_INFORMATION_FORMAT = "dwarf-with-dsym";
				ENABLE_NS_ASSERTIONS = NO;
				ENABLE_STRICT_OBJC_MSGSEND = YES;
				ENABLE_USER_SCRIPT_SANDBOXING = YES;
				GCC_C_LANGUAGE_STANDARD = gnu17;
				GCC_NO_COMMON_BLOCKS = YES;
				GCC_WARN_64_TO_32_BIT_CONVERSION = YES;
				GCC_WARN_ABOUT_RETURN_TYPE = YES_ERROR;
				GCC_WARN_UNDECLARED_SELECTOR = YES;
				GCC_WARN_UNINITIALIZED_AUTOS = YES_AGGRESSIVE;
				GCC_WARN_UNUSED_FUNCTION = YES;
				GCC_WARN_UNUSED_VARIABLE = YES;
				LOCALIZATION_PREFERS_STRING_CATALOGS = YES;
				MACOSX_DEPLOYMENT_TARGET = 15.5;
				MTL_ENABLE_DEBUG_INFO = NO;
				MTL_FAST_MATH = YES;
				SDKROOT = macosx;
				SWIFT_COMPILATION_MODE = wholemodule;
			};
			name = Release;
		};
		474B3C352E12CD07009B447F /* Debug */ = {
			isa = XCBuildConfiguration;
			buildSettings = {
				ASSETCATALOG_COMPILER_APPICON_NAME = AppIcon;
				ASSETCATALOG_COMPILER_GLOBAL_ACCENT_COLOR_NAME = AccentColor;
				CODE_SIGN_ENTITLEMENTS = IndoorNavClient/IndoorNavClient.entitlements;
				"CODE_SIGN_IDENTITY[sdk=macosx*]" = "-";
				CODE_SIGN_STYLE = Automatic;
				COMBINE_HIDPI_IMAGES = YES;
				CURRENT_PROJECT_VERSION = 1;
				GENERATE_INFOPLIST_FILE = YES;
				INFOPLIST_FILE = IndoorNavClient/Info.plist;
				INFOPLIST_KEY_NSHumanReadableCopyright = "";
				INFOPLIST_KEY_NSMainStoryboardFile = Main;
				INFOPLIST_KEY_NSPrincipalClass = NSApplication;
				LD_RUNPATH_SEARCH_PATHS = (
					"$(inherited)",
					"@executable_path/../Frameworks",
				);
				MARKETING_VERSION = 1.0;
				PRODUCT_BUNDLE_IDENTIFIER = hbo.IndoorNavClient;
				PRODUCT_NAME = "$(TARGET_NAME)";
				REGISTER_APP_GROUPS = YES;
				SWIFT_EMIT_LOC_STRINGS = YES;
				SWIFT_VERSION = 5.0;
			};
			name = Debug;
		};
		474B3C362E12CD07009B447F /* Release */ = {
			isa = XCBuildConfiguration;
			buildSettings = {
				ASSETCATALOG_COMPILER_APPICON_NAME = AppIcon;
				ASSETCATALOG_COMPILER_GLOBAL_ACCENT_COLOR_NAME = AccentColor;
				CODE_SIGN_ENTITLEMENTS = IndoorNavClient/IndoorNavClient.entitlements;
				"CODE_SIGN_IDENTITY[sdk=macosx*]" = "-";
				CODE_SIGN_STYLE = Automatic;
				COMBINE_HIDPI_IMAGES = YES;
				CURRENT_PROJECT_VERSION = 1;
				GENERATE_INFOPLIST_FILE = YES;
				INFOPLIST_FILE = IndoorNavClient/Info.plist;
				INFOPLIST_KEY_NSHumanReadableCopyright = "";
				INFOPLIST_KEY_NSMainStoryboardFile = Main;
				INFOPLIST_KEY_NSPrincipalClass = NSApplication;
				LD_RUNPATH_SEARCH_PATHS = (
					"$(inherited)",
					"@executable_path/../Frameworks",
				);
				MARKETING_VERSION = 1.0;
				PRODUCT_BUNDLE_IDENTIFIER = hbo.IndoorNavClient;
				PRODUCT_NAME = "$(TARGET_NAME)";
				REGISTER_APP_GROUPS = YES;
				SWIFT_EMIT_LOC_STRINGS = YES;
				SWIFT_VERSION = 5.0;
			};
			name = Release;
		};
		474B3C382E12CD07009B447F /* Debug */ = {
			isa = XCBuildConfiguration;
			buildSettings = {
				BUNDLE_LOADER = "$(TEST_HOST)";
				CODE_SIGN_STYLE = Automatic;
				CURRENT_PROJECT_VERSION = 1;
				GENERATE_INFOPLIST_FILE = YES;
				MACOSX_DEPLOYMENT_TARGET = 15.5;
				MARKETING_VERSION = 1.0;
				PRODUCT_BUNDLE_IDENTIFIER = hbo.IndoorNavClientTests;
				PRODUCT_NAME = "$(TARGET_NAME)";
				SWIFT_EMIT_LOC_STRINGS = NO;
				SWIFT_VERSION = 5.0;
				TEST_HOST = "$(BUILT_PRODUCTS_DIR)/IndoorNavClient.app/$(BUNDLE_EXECUTABLE_FOLDER_PATH)/IndoorNavClient";
			};
			name = Debug;
		};
		474B3C392E12CD07009B447F /* Release */ = {
			isa = XCBuildConfiguration;
			buildSettings = {
				BUNDLE_LOADER = "$(TEST_HOST)";
				CODE_SIGN_STYLE = Automatic;
				CURRENT_PROJECT_VERSION = 1;
				GENERATE_INFOPLIST_FILE = YES;
				MACOSX_DEPLOYMENT_TARGET = 15.5;
				MARKETING_VERSION = 1.0;
				PRODUCT_BUNDLE_IDENTIFIER = hbo.IndoorNavClientTests;
				PRODUCT_NAME = "$(TARGET_NAME)";
				SWIFT_EMIT_LOC_STRINGS = NO;
				SWIFT_VERSION = 5.0;
				TEST_HOST = "$(BUILT_PRODUCTS_DIR)/IndoorNavClient.app/$(BUNDLE_EXECUTABLE_FOLDER_PATH)/IndoorNavClient";
			};
			name = Release;
		};
		474B3C3B2E12CD07009B447F /* Debug */ = {
			isa = XCBuildConfiguration;
			buildSettings = {
				CODE_SIGN_STYLE = Automatic;
				CURRENT_PROJECT_VERSION = 1;
				GENERATE_INFOPLIST_FILE = YES;
				MARKETING_VERSION = 1.0;
				PRODUCT_BUNDLE_IDENTIFIER = hbo.IndoorNavClientUITests;
				PRODUCT_NAME = "$(TARGET_NAME)";
				SWIFT_EMIT_LOC_STRINGS = NO;
				SWIFT_VERSION = 5.0;
				TEST_TARGET_NAME = IndoorNavClient;
			};
			name = Debug;
		};
		474B3C3C2E12CD07009B447F /* Release */ = {
			isa = XCBuildConfiguration;
			buildSettings = {
				CODE_SIGN_STYLE = Automatic;
				CURRENT_PROJECT_VERSION = 1;
				GENERATE_INFOPLIST_FILE = YES;
				MARKETING_VERSION = 1.0;
				PRODUCT_BUNDLE_IDENTIFIER = hbo.IndoorNavClientUITests;
				PRODUCT_NAME = "$(TARGET_NAME)";
				SWIFT_EMIT_LOC_STRINGS = NO;
				SWIFT_VERSION = 5.0;
				TEST_TARGET_NAME = IndoorNavClient;
			};
			name = Release;
		};
/* End XCBuildConfiguration section */

/* Begin XCConfigurationList section */
		474B3C0A2E12CD04009B447F /* Build configuration list for PBXProject "IndoorNavClient" */ = {
			isa = XCConfigurationList;
			buildConfigurations = (
				474B3C322E12CD07009B447F /* Debug */,
				474B3C332E12CD07009B447F /* Release */,
			);
			defaultConfigurationIsVisible = 0;
			defaultConfigurationName = Release;
		};
		474B3C342E12CD07009B447F /* Build configuration list for PBXNativeTarget "IndoorNavClient" */ = {
			isa = XCConfigurationList;
			buildConfigurations = (
				474B3C352E12CD07009B447F /* Debug */,
				474B3C362E12CD07009B447F /* Release */,
			);
			defaultConfigurationIsVisible = 0;
			defaultConfigurationName = Release;
		};
		474B3C372E12CD07009B447F /* Build configuration list for PBXNativeTarget "IndoorNavClientTests" */ = {
			isa = XCConfigurationList;
			buildConfigurations = (
				474B3C382E12CD07009B447F /* Debug */,
				474B3C392E12CD07009B447F /* Release */,
			);
			defaultConfigurationIsVisible = 0;
			defaultConfigurationName = Release;
		};
		474B3C3A2E12CD07009B447F /* Build configuration list for PBXNativeTarget "IndoorNavClientUITests" */ = {
			isa = XCConfigurationList;
			buildConfigurations = (
				474B3C3B2E12CD07009B447F /* Debug */,
				474B3C3C2E12CD07009B447F /* Release */,
			);
			defaultConfigurationIsVisible = 0;
			defaultConfigurationName = Release;
		};
/* End XCConfigurationList section */
	};
	rootObject = 474B3C072E12CD04009B447F /* Project object */;
}
